
Microsoft Visual Studio Solution File, Format Version 12.00
# Visual Studio Version 17
VisualStudioVersion = 17.4.33213.308
MinimumVisualStudioVersion = 10.0.40219.1
Project("{FAE04EC0-301F-11D3-BF4B-00C04F79EFBC}") = "dotnet-server", "dotnet-server\dotnet-server.csproj", "{49894FB9-22B7-43F5-ABCE-645F274B5C6E}"
EndProject
Global
	GlobalSection(SolutionConfigurationPlatforms) = preSolution
		Debug|Any CPU = Debug|Any CPU
		Release|Any CPU = Release|Any CPU
	EndGlobalSection
	GlobalSection(ProjectConfigurationPlatforms) = postSolution
		{49894FB9-22B7-43F5-ABCE-645F274B5C6E}.Debug|Any CPU.ActiveCfg = Debug|Any CPU
		{49894FB9-22B7-43F5-ABCE-645F274B5C6E}.Debug|Any CPU.Build.0 = Debug|Any CPU
		{49894FB9-22B7-43F5-ABCE-645F274B5C6E}.Release|Any CPU.ActiveCfg = Release|Any CPU
		{49894FB9-22B7-43F5-ABCE-645F274B5C6E}.Release|Any CPU.Build.0 = Release|Any CPU
	EndGlobalSection
	GlobalSection(SolutionProperties) = preSolution
		HideSolutionNode = FALSE
	EndGlobalSection
	GlobalSection(ExtensibilityGlobals) = postSolution
		SolutionGuid = {6EBB7C94-8932-4FA0-B7AA-7DC9C53B8A2B}
	EndGlobalSection
EndGlobal
